
Microsoft Visual Studio Solution File, Format Version 12.00
# Visual Studio Version 16
VisualStudioVersion = 16.0.30517.126
MinimumVisualStudioVersion = 10.0.40219.1
Project("{FAE04EC0-301F-11D3-BF4B-00C04F79EFBC}") = "Invoice.V2", "Invoice.V2\Invoice.V2.csproj", "{A72AFBF9-B9E2-43DE-B1DF-FFCA2827E9DA}"
EndProject
Project("{FAE04EC0-301F-11D3-BF4B-00C04F79EFBC}") = "Invoice.V2Web", "Invoice.V2Web\Invoice.V2Web.csproj", "{D65639E4-BDC6-4DE5-8A87-24142CE24C5C}"
EndProject
Global
	GlobalSection(SolutionConfigurationPlatforms) = preSolution
		Debug|Any CPU = Debug|Any CPU
		Release|Any CPU = Release|Any CPU
	EndGlobalSection
	GlobalSection(ProjectConfigurationPlatforms) = postSolution
		{A72AFBF9-B9E2-43DE-B1DF-FFCA2827E9DA}.Debug|Any CPU.ActiveCfg = Debug|Any CPU
		{A72AFBF9-B9E2-43DE-B1DF-FFCA2827E9DA}.Debug|Any CPU.Build.0 = Debug|Any CPU
		{A72AFBF9-B9E2-43DE-B1DF-FFCA2827E9DA}.Debug|Any CPU.Deploy.0 = Debug|Any CPU
		{A72AFBF9-B9E2-43DE-B1DF-FFCA2827E9DA}.Release|Any CPU.ActiveCfg = Release|Any CPU
		{A72AFBF9-B9E2-43DE-B1DF-FFCA2827E9DA}.Release|Any CPU.Build.0 = Release|Any CPU
		{A72AFBF9-B9E2-43DE-B1DF-FFCA2827E9DA}.Release|Any CPU.Deploy.0 = Release|Any CPU
		{D65639E4-BDC6-4DE5-8A87-24142CE24C5C}.Debug|Any CPU.ActiveCfg = Debug|Any CPU
		{D65639E4-BDC6-4DE5-8A87-24142CE24C5C}.Debug|Any CPU.Build.0 = Debug|Any CPU
		{D65639E4-BDC6-4DE5-8A87-24142CE24C5C}.Release|Any CPU.ActiveCfg = Release|Any CPU
		{D65639E4-BDC6-4DE5-8A87-24142CE24C5C}.Release|Any CPU.Build.0 = Release|Any CPU
	EndGlobalSection
	GlobalSection(SolutionProperties) = preSolution
		HideSolutionNode = FALSE
	EndGlobalSection
	GlobalSection(ExtensibilityGlobals) = postSolution
		SolutionGuid = {7909D4E5-E974-497F-90DB-46E6453C6996}
	EndGlobalSection
EndGlobal
